schema: '2.0'
stages:
  modelfun:
    cmd: ploomber-engine src/boilercore/stages/modelfun.ipynb NUL
    deps:
    - path: src/boilercore/stages/modelfun.ipynb
      hash: md5
      md5: 830ab449c9a8ba1bd76771076da8e921
      size: 7880
    outs:
    - path: data/models
      hash: md5
      md5: 1c8027911c3aeae23938c0df392f6893.dir
      size: 63313
      nfiles: 1
  modelfun-3.12:
    cmd: ploomber-engine src/boilercore/stages/modelfun.ipynb NUL --parameters PYTHON_VERSION
      3.12
    deps:
    - path: src/boilercore/stages/modelfun.ipynb
      hash: md5
      md5: b527e26581ddd307421edfc40aa8327b
      size: 6533
    outs:
    - path: data/models/modelfun-3.12.dillpickle
      hash: md5
      md5: 75e092f44d0df89ebfd148838133fc81
      size: 1112
  modelfun-3.11:
    cmd: ploomber-engine src/boilercore/stages/modelfun.ipynb NUL --parameters PYTHON_VERSION
      3.11
    deps:
    - path: src/boilercore/stages/modelfun.ipynb
      hash: md5
      md5: b527e26581ddd307421edfc40aa8327b
      size: 6533
    outs:
    - path: data/models/modelfun-3.11.dillpickle
      hash: md5
      md5: 75e092f44d0df89ebfd148838133fc81
      size: 1112
